
Microsoft Visual Studio Solution File, Format Version 12.00
# Visual Studio Version 17
VisualStudioVersion = 17.5.002.0
MinimumVisualStudioVersion = 10.0.40219.1
Project("{2150E333-8FDC-42A3-9474-1A3956D46DE8}") = "snippet-playground", "snippet-playground", "{E90CC8BA-463E-404F-8009-93625C8B9C8E}"
EndProject
Project("{9A19103F-16F7-4668-BE54-9A1E7A4F7556}") = "csharp", "snippet-playground\csharp\csharp.csproj", "{4198E8A7-27A8-413D-9B17-84DAD8398F27}"
EndProject
Global
	GlobalSection(SolutionConfigurationPlatforms) = preSolution
		Debug|Any CPU = Debug|Any CPU
		Release|Any CPU = Release|Any CPU
	EndGlobalSection
	GlobalSection(ProjectConfigurationPlatforms) = postSolution
		{4198E8A7-27A8-413D-9B17-84DAD8398F27}.Debug|Any CPU.ActiveCfg = Debug|Any CPU
		{4198E8A7-27A8-413D-9B17-84DAD8398F27}.Debug|Any CPU.Build.0 = Debug|Any CPU
		{4198E8A7-27A8-413D-9B17-84DAD8398F27}.Release|Any CPU.ActiveCfg = Release|Any CPU
		{4198E8A7-27A8-413D-9B17-84DAD8398F27}.Release|Any CPU.Build.0 = Release|Any CPU
	EndGlobalSection
	GlobalSection(SolutionProperties) = preSolution
		HideSolutionNode = FALSE
	EndGlobalSection
	GlobalSection(NestedProjects) = preSolution
		{4198E8A7-27A8-413D-9B17-84DAD8398F27} = {E90CC8BA-463E-404F-8009-93625C8B9C8E}
	EndGlobalSection
	GlobalSection(ExtensibilityGlobals) = postSolution
		SolutionGuid = {FD31BA5F-532B-4B1D-8A02-AD2005D2EF7E}
	EndGlobalSection
EndGlobal
