{
  "name": "scripts",
  "version": "1.0.0",
  "lockfileVersion": 3,
  "requires": true,
  "packages": {
    "": {
      "name": "scripts",
      "version": "1.0.0",
      "license": "ISC",
      "dependencies": {
        "@seamapi/types": "^1.201.0"
      },
      "devDependencies": {
        "@seamapi/blueprint": "^0.2.0"
      }
    },
    "node_modules/@seamapi/blueprint": {
      "version": "0.2.0",
      "resolved": "https://npm.pkg.github.com/download/@seamapi/blueprint/0.2.0/f722025f1c0e8ebae9760e3ec8953d45da82b9bd",
      "integrity": "sha512-eXWpkFcGczllfW1hZlfPH/uDNsA2IZrnUydRfvZeK3ZMGqJgWLkPqquWBGdYOwk80Md7hX8wBem3brQ+2NRqgg==",
      "dev": true,
      "license": "MIT",
      "engines": {
        "node": ">=18.12.0",
        "npm": ">= 9.0.0"
      }
    },
    "node_modules/@seamapi/types": {
      "version": "1.201.0",
      "resolved": "https://npm.pkg.github.com/download/@seamapi/types/1.201.0/784674bcdc2255be42cae60b6be287827cbf7679",
      "integrity": "sha512-H/jumhEgMhs2E+SkhJYQTTnke497y3+/vMDmRoz1eiWZn/AT6XryF7YorlFcEw1tK8HTaPDb7Dc6SX8mgJpjxw==",
      "license": "MIT",
      "engines": {
        "node": ">=18.12.0",
        "npm": ">= 9.0.0"
      },
      "peerDependencies": {
        "zod": "^3.21.4"
      }
    },
    "node_modules/zod": {
      "version": "3.23.8",
      "resolved": "https://registry.npmjs.org/zod/-/zod-3.23.8.tgz",
      "integrity": "sha512-XBx9AXhXktjUqnepgTiE5flcKIYWi/rme0Eaj+5Y0lftuGBq+jyRu/md4WnuxqgP1ubdpNCsYEYPxrzVHD8d6g==",
      "peer": true,
      "funding": {
        "url": "https://github.com/sponsors/colinhacks"
      }
    }
  }
}
